
Microsoft Visual Studio Solution File, Format Version 12.00
# Visual Studio Version 17
VisualStudioVersion = 17.5.33530.505
MinimumVisualStudioVersion = 10.0.40219.1
Project("{FAE04EC0-301F-11D3-BF4B-00C04F79EFBC}") = "CRUD1", "CRUD1\CRUD1.csproj", "{19741F6C-6090-4847-AA65-13FDB1202E62}"
EndProject
Global
	GlobalSection(SolutionConfigurationPlatforms) = preSolution
		Debug|Any CPU = Debug|Any CPU
		Release|Any CPU = Release|Any CPU
	EndGlobalSection
	GlobalSection(ProjectConfigurationPlatforms) = postSolution
		{19741F6C-6090-4847-AA65-13FDB1202E62}.Debug|Any CPU.ActiveCfg = Debug|Any CPU
		{19741F6C-6090-4847-AA65-13FDB1202E62}.Debug|Any CPU.Build.0 = Debug|Any CPU
		{19741F6C-6090-4847-AA65-13FDB1202E62}.Release|Any CPU.ActiveCfg = Release|Any CPU
		{19741F6C-6090-4847-AA65-13FDB1202E62}.Release|Any CPU.Build.0 = Release|Any CPU
	EndGlobalSection
	GlobalSection(SolutionProperties) = preSolution
		HideSolutionNode = FALSE
	EndGlobalSection
	GlobalSection(ExtensibilityGlobals) = postSolution
		SolutionGuid = {EE73E8D0-216A-4DF3-BC0C-8EE0A74E6BFA}
	EndGlobalSection
EndGlobal
